
Microsoft Visual Studio Solution File, Format Version 12.00
# Visual Studio Version 16
VisualStudioVersion = 16.0.29409.12
MinimumVisualStudioVersion = 10.0.40219.1
Project("{8BC9CEB8-8B4A-11D0-8D11-00A0C91BC942}") = "TicketOffice", "TicketOffice\TicketOffice.vcxproj", "{4DC8E198-A6FB-4918-9F92-FF0622730975}"
EndProject
Global
	GlobalSection(SolutionConfigurationPlatforms) = preSolution
		Debug|x64 = Debug|x64
		Debug|x86 = Debug|x86
		Release|x64 = Release|x64
		Release|x86 = Release|x86
	EndGlobalSection
	GlobalSection(ProjectConfigurationPlatforms) = postSolution
		{4DC8E198-A6FB-4918-9F92-FF0622730975}.Debug|x64.ActiveCfg = Debug|x64
		{4DC8E198-A6FB-4918-9F92-FF0622730975}.Debug|x64.Build.0 = Debug|x64
		{4DC8E198-A6FB-4918-9F92-FF0622730975}.Debug|x86.ActiveCfg = Debug|Win32
		{4DC8E198-A6FB-4918-9F92-FF0622730975}.Debug|x86.Build.0 = Debug|Win32
		{4DC8E198-A6FB-4918-9F92-FF0622730975}.Release|x64.ActiveCfg = Release|x64
		{4DC8E198-A6FB-4918-9F92-FF0622730975}.Release|x64.Build.0 = Release|x64
		{4DC8E198-A6FB-4918-9F92-FF0622730975}.Release|x86.ActiveCfg = Release|Win32
		{4DC8E198-A6FB-4918-9F92-FF0622730975}.Release|x86.Build.0 = Release|Win32
	EndGlobalSection
	GlobalSection(SolutionProperties) = preSolution
		HideSolutionNode = FALSE
	EndGlobalSection
	GlobalSection(ExtensibilityGlobals) = postSolution
		SolutionGuid = {A6F7BF4A-7378-44A2-BAC6-AF74B1691975}
	EndGlobalSection
EndGlobal
